{
  "nodes": {
    "disko": {
      "inputs": {
        "nixpkgs": [
          "nixpkgs"
        ]
      },
      "locked": {
        "lastModified": 1684003056,
        "narHash": "sha256-zl11zyRNKzAW7YLvTkxmFjSBqxZbEvfwZqNCT91ELfU=",
        "owner": "nix-community",
        "repo": "disko",
        "rev": "8f95856432e091e5ac56fea2df81e905ddd02d27",
        "type": "github"
      },
      "original": {
        "owner": "nix-community",
        "repo": "disko",
        "type": "github"
      }
    },
    "nixpkgs": {
      "locked": {
        "lastModified": 1684075884,
        "narHash": "sha256-YYifeTPYeGxVnBhvJLIvviU25xvYQ+5/NRiNdnG1+do=",
        "owner": "NixOS",
        "repo": "nixpkgs",
        "rev": "8af23590d3b1e9f29cee0f7a3503c382e663e388",
        "type": "github"
      },
      "original": {
        "owner": "NixOS",
        "repo": "nixpkgs",
        "type": "github"
      }
    },
    "root": {
      "inputs": {
        "disko": "disko",
        "nixpkgs": "nixpkgs"
      }
    }
  },
  "root": "root",
  "version": 7
}
